{
  "name": "Portfolio",
  "lockfileVersion": 3,
  "requires": true,
  "packages": {
    "": {
      "dependencies": {
        "@react-icons/all-files": "^4.1.0",
        "gsap": "^3.12.2",
        "react-gsap": "^3.2.1",
        "react-icons": "^4.10.1",
        "react-scroll": "^1.8.9",
        "react-scrollmagic": "^2.3.0"
      }
    },
    "node_modules/@react-icons/all-files": {
      "version": "4.1.0",
      "resolved": "https://registry.npmjs.org/@react-icons/all-files/-/all-files-4.1.0.tgz",
      "integrity": "sha512-hxBI2UOuVaI3O/BhQfhtb4kcGn9ft12RWAFVMUeNjqqhLsHvFtzIkFaptBJpFDANTKoDfdVoHTKZDlwKCACbMQ==",
      "peerDependencies": {
        "react": "*"
      }
    },
    "node_modules/gsap": {
      "version": "3.12.2",
      "resolved": "https://registry.npmjs.org/gsap/-/gsap-3.12.2.tgz",
      "integrity": "sha512-EkYnpG8qHgYBFAwsgsGEqvT1WUidX0tt/ijepx7z8EUJHElykg91RvW1XbkT59T0gZzzszOpjQv7SE41XuIXyQ=="
    },
    "node_modules/js-tokens": {
      "version": "4.0.0",
      "resolved": "https://registry.npmjs.org/js-tokens/-/js-tokens-4.0.0.tgz",
      "integrity": "sha512-RdJUflcE3cUzKiMqQgsCu06FPu9UdIJO0beYbPhHN4k6apgJtifcoCtT9bcxOpYBtpD2kCM6Sbzg4CausW/PKQ=="
    },
    "node_modules/lodash.throttle": {
      "version": "4.1.1",
      "resolved": "https://registry.npmjs.org/lodash.throttle/-/lodash.throttle-4.1.1.tgz",
      "integrity": "sha512-wIkUCfVKpVsWo3JSZlc+8MB5it+2AN5W8J7YVMST30UrvcQNZ1Okbj+rbVniijTWE6FGYy4XJq/rHkas8qJMLQ=="
    },
    "node_modules/loose-envify": {
      "version": "1.4.0",
      "resolved": "https://registry.npmjs.org/loose-envify/-/loose-envify-1.4.0.tgz",
      "integrity": "sha512-lyuxPGr/Wfhrlem2CL/UcnUc1zcqKAImBDzukY7Y5F/yQiNdko6+fRLevlw1HgMySw7f611UIY408EtxRSoK3Q==",
      "dependencies": {
        "js-tokens": "^3.0.0 || ^4.0.0"
      },
      "bin": {
        "loose-envify": "cli.js"
      }
    },
    "node_modules/object-assign": {
      "version": "4.1.1",
      "resolved": "https://registry.npmjs.org/object-assign/-/object-assign-4.1.1.tgz",
      "integrity": "sha512-rJgTQnkUnH1sFw8yT6VSU3zD3sWmu6sZhIseY8VX+GRu3P6F7Fu+JNDoXfklElbLJSnc3FUQHVe4cU5hj+BcUg==",
      "engines": {
        "node": ">=0.10.0"
      }
    },
    "node_modules/prop-types": {
      "version": "15.8.1",
      "resolved": "https://registry.npmjs.org/prop-types/-/prop-types-15.8.1.tgz",
      "integrity": "sha512-oj87CgZICdulUohogVAR7AjlC0327U4el4L6eAvOqCeudMDVU0NThNaV+b9Df4dXgSP1gXMTnPdhfe/2qDH5cg==",
      "dependencies": {
        "loose-envify": "^1.4.0",
        "object-assign": "^4.1.1",
        "react-is": "^16.13.1"
      }
    },
    "node_modules/react": {
      "version": "17.0.2",
      "resolved": "https://registry.npmjs.org/react/-/react-17.0.2.tgz",
      "integrity": "sha512-gnhPt75i/dq/z3/6q/0asP78D0u592D5L1pd7M8P+dck6Fu/jJeL6iVVK23fptSUZj8Vjf++7wXA8UNclGQcbA==",
      "peer": true,
      "dependencies": {
        "loose-envify": "^1.1.0",
        "object-assign": "^4.1.1"
      },
      "engines": {
        "node": ">=0.10.0"
      }
    },
    "node_modules/react-dom": {
      "version": "17.0.2",
      "resolved": "https://registry.npmjs.org/react-dom/-/react-dom-17.0.2.tgz",
      "integrity": "sha512-s4h96KtLDUQlsENhMn1ar8t2bEa+q/YAtj8pPPdIjPDGBDIVNsrD9aXNWqspUe6AzKCIG0C1HZZLqLV7qpOBGA==",
      "peer": true,
      "dependencies": {
        "loose-envify": "^1.1.0",
        "object-assign": "^4.1.1",
        "scheduler": "^0.20.2"
      },
      "peerDependencies": {
        "react": "17.0.2"
      }
    },
    "node_modules/react-gsap": {
      "version": "3.2.1",
      "resolved": "https://registry.npmjs.org/react-gsap/-/react-gsap-3.2.1.tgz",
      "integrity": "sha512-IX6XiN1a74hmU385yNZAYV1cFe3/Xmbg8eT99VCjmz7yzQq1qIsR47gkX5rkWeml9KmyEgiIzqArYaipPkKIbw==",
      "dependencies": {
        "react-is": "^16.13.1"
      },
      "engines": {
        "node": ">=10"
      },
      "peerDependencies": {
        "gsap": ">=3",
        "react": "^16.0.0-0 || ^17.0.0-0",
        "react-dom": "^16.0.0-0 || ^17.0.0-0"
      }
    },
    "node_modules/react-icons": {
      "version": "4.10.1",
      "resolved": "https://registry.npmjs.org/react-icons/-/react-icons-4.10.1.tgz",
      "integrity": "sha512-/ngzDP/77tlCfqthiiGNZeYFACw85fUjZtLbedmJ5DTlNDIwETxhwBzdOJ21zj4iJdvc0J3y7yOsX3PpxAJzrw==",
      "peerDependencies": {
        "react": "*"
      }
    },
    "node_modules/react-is": {
      "version": "16.13.1",
      "resolved": "https://registry.npmjs.org/react-is/-/react-is-16.13.1.tgz",
      "integrity": "sha512-24e6ynE2H+OKt4kqsOvNd8kBpV65zoxbA4BVsEOB3ARVWQki/DHzaUoC5KuON/BiccDaCCTZBuOcfZs70kR8bQ=="
    },
    "node_modules/react-scroll": {
      "version": "1.8.9",
      "resolved": "https://registry.npmjs.org/react-scroll/-/react-scroll-1.8.9.tgz",
      "integrity": "sha512-9m7ztraiX/l6L7erzYAD3fhnveNckei6/NkWfqwN2e0FRdoE2W6Pk4oi2Nah7mWpPCPAeIgegfaqZACTimPOwg==",
      "dependencies": {
        "lodash.throttle": "^4.1.1",
        "prop-types": "^15.7.2"
      },
      "peerDependencies": {
        "react": "^15.5.4 || ^16.0.0 || ^17.0.0 || ^18.0.0",
        "react-dom": "^15.5.4 || ^16.0.0 || ^17.0.0 || ^18.0.0"
      }
    },
    "node_modules/react-scrollmagic": {
      "version": "2.3.0",
      "resolved": "https://registry.npmjs.org/react-scrollmagic/-/react-scrollmagic-2.3.0.tgz",
      "integrity": "sha512-yVw85uENSPow/ZJxZhPR84nZuyQZQNGfOAaL22+xNAhF5qMX2vbHv0Jeurydc9lS+6OocSY+09MHWQ0LESy9Mg==",
      "engines": {
        "node": ">=8",
        "npm": ">=5"
      },
      "peerDependencies": {
        "react": "^16.0.0-0 || ^17.0.0-0",
        "react-dom": "^16.0.0-0 || ^17.0.0-0"
      }
    },
    "node_modules/scheduler": {
      "version": "0.20.2",
      "resolved": "https://registry.npmjs.org/scheduler/-/scheduler-0.20.2.tgz",
      "integrity": "sha512-2eWfGgAqqWFGqtdMmcL5zCMK1U8KlXv8SQFGglL3CEtd0aDVDWgeF/YoCmvln55m5zSk3J/20hTaSBeSObsQDQ==",
      "peer": true,
      "dependencies": {
        "loose-envify": "^1.1.0",
        "object-assign": "^4.1.1"
      }
    }
  }
}
